
Microsoft Visual Studio Solution File, Format Version 12.00
# Visual Studio 15
VisualStudioVersion = 15.0.27130.2036
MinimumVisualStudioVersion = 10.0.40219.1
Project("{2150E333-8FDC-42A3-9474-1A3956D46DE8}") = "Back-End", "Back-End", "{85A58B39-113C-4432-95EE-43E011DFBF02}"
EndProject
Project("{2150E333-8FDC-42A3-9474-1A3956D46DE8}") = "Common", "Common", "{6C0B765F-3B4C-4932-B62B-50875EC422E4}"
EndProject
Project("{2150E333-8FDC-42A3-9474-1A3956D46DE8}") = "Layer 1", "Layer 1", "{A5DF4B1E-E134-4E52-9ECC-409A29CEC17E}"
EndProject
Project("{2150E333-8FDC-42A3-9474-1A3956D46DE8}") = "Layer 2", "Layer 2", "{91964885-608E-4C04-90CB-213BC1E102FF}"
EndProject
Project("{2150E333-8FDC-42A3-9474-1A3956D46DE8}") = "Layer 3", "Layer 3", "{9B490A8F-6182-4440-9907-ED834602E506}"
EndProject
Project("{2150E333-8FDC-42A3-9474-1A3956D46DE8}") = "ORM", "ORM", "{7FCCE5D9-DFC7-48F4-BA70-49DC1214E21B}"
EndProject
Project("{2150E333-8FDC-42A3-9474-1A3956D46DE8}") = "Data Access", "Data Access", "{0F90502D-C3B3-4896-9B5E-D10D192D66A1}"
EndProject
Project("{2150E333-8FDC-42A3-9474-1A3956D46DE8}") = "Interfaces", "Interfaces", "{90F89490-E324-46BD-8032-6FBCC4EC0118}"
EndProject
Project("{2150E333-8FDC-42A3-9474-1A3956D46DE8}") = "Implementations", "Implementations", "{D90152E7-DB73-4688-BF09-20AF25A696CC}"
EndProject
Project("{2150E333-8FDC-42A3-9474-1A3956D46DE8}") = "Interfaces", "Interfaces", "{872CFA2E-DC34-403A-92B4-83F06329F8E9}"
EndProject
Project("{2150E333-8FDC-42A3-9474-1A3956D46DE8}") = "Implementations", "Implementations", "{14D40BFA-8271-470E-A164-6CC8E5287910}"
EndProject
Project("{2150E333-8FDC-42A3-9474-1A3956D46DE8}") = "Business", "Business", "{0CF07180-9975-4785-9A67-6CD8C3880FAA}"
EndProject
Project("{2150E333-8FDC-42A3-9474-1A3956D46DE8}") = "Components", "Components", "{EDC32BCE-373A-4039-A256-D247B0D27F35}"
EndProject
Project("{2150E333-8FDC-42A3-9474-1A3956D46DE8}") = "Validations", "Validations", "{86DA26E9-B869-47CF-97A5-51DCEDD3ADE6}"
EndProject
Project("{2150E333-8FDC-42A3-9474-1A3956D46DE8}") = "Interfaces", "Interfaces", "{103358F7-3EA5-4106-9230-B7BABABDF211}"
EndProject
Project("{2150E333-8FDC-42A3-9474-1A3956D46DE8}") = "Implementations", "Implementations", "{BD7BB86B-0351-4B2E-AB86-2596F03C4715}"
EndProject
Project("{2150E333-8FDC-42A3-9474-1A3956D46DE8}") = "Interfaces", "Interfaces", "{D3486E48-6C39-4E6C-8AAC-E63A12AAB8A0}"
EndProject
Project("{2150E333-8FDC-42A3-9474-1A3956D46DE8}") = "Implementations", "Implementations", "{48EB3699-760F-4D0C-BA9D-9235A1CB701A}"
EndProject
Project("{2150E333-8FDC-42A3-9474-1A3956D46DE8}") = "Services", "Services", "{6B01F4CE-3072-4B5A-93D2-7C04D79EEE8B}"
EndProject
Project("{2150E333-8FDC-42A3-9474-1A3956D46DE8}") = "Controllers", "Controllers", "{BE581BCC-0674-4B7B-97A7-7D512CDA6CB8}"
EndProject
Project("{2150E333-8FDC-42A3-9474-1A3956D46DE8}") = "Interfaces", "Interfaces", "{E3663AFA-E48F-44E0-B9BA-4580F347CC25}"
EndProject
Project("{2150E333-8FDC-42A3-9474-1A3956D46DE8}") = "Implementations", "Implementations", "{FD490D39-1A10-4488-8A6A-D11F467CF098}"
EndProject
Project("{2150E333-8FDC-42A3-9474-1A3956D46DE8}") = "Hosting", "Hosting", "{F0B3DB97-E959-480F-B088-565A7F7E0E2D}"
EndProject
Project("{2150E333-8FDC-42A3-9474-1A3956D46DE8}") = "Models", "Models", "{971B52E0-394A-4E45-A97A-53DC6A9CAF5B}"
EndProject
Project("{9A19103F-16F7-4668-BE54-9A1E7A4F7556}") = "Microsoft.Libraries.Models", "Microsoft.Libraries.Models\Microsoft.Libraries.Models.csproj", "{3554B6AB-C460-47AB-8461-A0C57D9935B9}"
EndProject
Project("{9A19103F-16F7-4668-BE54-9A1E7A4F7556}") = "Microsoft.Libraries.ORM.Interfaces", "Microsoft.Libraries.ORM.Interfaces\Microsoft.Libraries.ORM.Interfaces.csproj", "{31B789B9-0CAA-48D1-A0AF-8354E4627368}"
EndProject
Project("{9A19103F-16F7-4668-BE54-9A1E7A4F7556}") = "Microsoft.Libraries.ORM.Impl", "Microsoft.Libraries.ORM.Impl\Microsoft.Libraries.ORM.Impl.csproj", "{D5296057-A141-4927-B72F-8CC6C4260214}"
EndProject
Project("{9A19103F-16F7-4668-BE54-9A1E7A4F7556}") = "Microsoft.Libraries.DataAccess.Interfaces", "Microsoft.Libraries.DataAccess.Interfaces\Microsoft.Libraries.DataAccess.Interfaces.csproj", "{FDAC66B4-8F88-4D8B-8933-9176CDCC3AAD}"
EndProject
Project("{9A19103F-16F7-4668-BE54-9A1E7A4F7556}") = "Microsoft.Libraries.DataAccess.Impl", "Microsoft.Libraries.DataAccess.Impl\Microsoft.Libraries.DataAccess.Impl.csproj", "{9EFC4E2F-57B3-45F1-BD6D-1FCAEEDFA78B}"
EndProject
Project("{9A19103F-16F7-4668-BE54-9A1E7A4F7556}") = "Microsoft.Libraries.Business.Validations.Interfaces", "Microsoft.Libraries.Business.Validations.Interfaces\Microsoft.Libraries.Business.Validations.Interfaces.csproj", "{7B35F6AD-0AA9-48E0-9BA6-44C71B2998F2}"
EndProject
Project("{9A19103F-16F7-4668-BE54-9A1E7A4F7556}") = "Microsoft.Libraries.Business.Validations.Impl", "Microsoft.Libraries.Business.Validations.Impl\Microsoft.Libraries.Business.Validations.Impl.csproj", "{28B7AA96-9807-4BBE-A80B-7520F8574530}"
EndProject
Project("{9A19103F-16F7-4668-BE54-9A1E7A4F7556}") = "Microsoft.Libraries.Business.Interfaces", "Microsoft.Libraries.Business.Interfaces\Microsoft.Libraries.Business.Interfaces.csproj", "{96D9C02A-D42B-4CEC-BE24-3B85FB533D4F}"
EndProject
Project("{9A19103F-16F7-4668-BE54-9A1E7A4F7556}") = "Microsoft.Libraries.Business.Impl", "Microsoft.Libraries.Business.Impl\Microsoft.Libraries.Business.Impl.csproj", "{A86F46D0-EEB1-43DC-9BF5-2520F83E4C2F}"
EndProject
Project("{9A19103F-16F7-4668-BE54-9A1E7A4F7556}") = "CRMSystemServicesHosting", "CRMSystemServicesHosting\CRMSystemServicesHosting.csproj", "{6B229018-BFB3-4327-B960-9D352B360BEB}"
EndProject
Project("{9A19103F-16F7-4668-BE54-9A1E7A4F7556}") = "Microsoft.Libraries.Api.Controllers.Interfaces", "Microsoft.Libraries.Api.Controllers.Interfaces\Microsoft.Libraries.Api.Controllers.Interfaces.csproj", "{45B9C411-10B0-4B56-953E-8B9169058A42}"
EndProject
Project("{9A19103F-16F7-4668-BE54-9A1E7A4F7556}") = "Microsoft.Libraries.Api.Controllers.Impl", "Microsoft.Libraries.Api.Controllers.Impl\Microsoft.Libraries.Api.Controllers.Impl.csproj", "{CDCE8AA2-366B-4C72-9315-BC5E531E59E2}"
EndProject
Project("{2150E333-8FDC-42A3-9474-1A3956D46DE8}") = "Tests", "Tests", "{6F6D8A09-9D4E-4DD8-A49C-C73A0B03A321}"
EndProject
Project("{FAE04EC0-301F-11D3-BF4B-00C04F79EFBC}") = "CRMSystemServicesHostingTests", "CRMSystemServicesHostingTests\CRMSystemServicesHostingTests.csproj", "{81B52FEE-F502-4406-B81C-F888EA7DE284}"
EndProject
Global
	GlobalSection(SolutionConfigurationPlatforms) = preSolution
		Debug|Any CPU = Debug|Any CPU
		Release|Any CPU = Release|Any CPU
	EndGlobalSection
	GlobalSection(ProjectConfigurationPlatforms) = postSolution
		{3554B6AB-C460-47AB-8461-A0C57D9935B9}.Debug|Any CPU.ActiveCfg = Debug|Any CPU
		{3554B6AB-C460-47AB-8461-A0C57D9935B9}.Debug|Any CPU.Build.0 = Debug|Any CPU
		{3554B6AB-C460-47AB-8461-A0C57D9935B9}.Release|Any CPU.ActiveCfg = Release|Any CPU
		{3554B6AB-C460-47AB-8461-A0C57D9935B9}.Release|Any CPU.Build.0 = Release|Any CPU
		{31B789B9-0CAA-48D1-A0AF-8354E4627368}.Debug|Any CPU.ActiveCfg = Debug|Any CPU
		{31B789B9-0CAA-48D1-A0AF-8354E4627368}.Debug|Any CPU.Build.0 = Debug|Any CPU
		{31B789B9-0CAA-48D1-A0AF-8354E4627368}.Release|Any CPU.ActiveCfg = Release|Any CPU
		{31B789B9-0CAA-48D1-A0AF-8354E4627368}.Release|Any CPU.Build.0 = Release|Any CPU
		{D5296057-A141-4927-B72F-8CC6C4260214}.Debug|Any CPU.ActiveCfg = Debug|Any CPU
		{D5296057-A141-4927-B72F-8CC6C4260214}.Debug|Any CPU.Build.0 = Debug|Any CPU
		{D5296057-A141-4927-B72F-8CC6C4260214}.Release|Any CPU.ActiveCfg = Release|Any CPU
		{D5296057-A141-4927-B72F-8CC6C4260214}.Release|Any CPU.Build.0 = Release|Any CPU
		{FDAC66B4-8F88-4D8B-8933-9176CDCC3AAD}.Debug|Any CPU.ActiveCfg = Debug|Any CPU
		{FDAC66B4-8F88-4D8B-8933-9176CDCC3AAD}.Debug|Any CPU.Build.0 = Debug|Any CPU
		{FDAC66B4-8F88-4D8B-8933-9176CDCC3AAD}.Release|Any CPU.ActiveCfg = Release|Any CPU
		{FDAC66B4-8F88-4D8B-8933-9176CDCC3AAD}.Release|Any CPU.Build.0 = Release|Any CPU
		{9EFC4E2F-57B3-45F1-BD6D-1FCAEEDFA78B}.Debug|Any CPU.ActiveCfg = Debug|Any CPU
		{9EFC4E2F-57B3-45F1-BD6D-1FCAEEDFA78B}.Debug|Any CPU.Build.0 = Debug|Any CPU
		{9EFC4E2F-57B3-45F1-BD6D-1FCAEEDFA78B}.Release|Any CPU.ActiveCfg = Release|Any CPU
		{9EFC4E2F-57B3-45F1-BD6D-1FCAEEDFA78B}.Release|Any CPU.Build.0 = Release|Any CPU
		{7B35F6AD-0AA9-48E0-9BA6-44C71B2998F2}.Debug|Any CPU.ActiveCfg = Debug|Any CPU
		{7B35F6AD-0AA9-48E0-9BA6-44C71B2998F2}.Debug|Any CPU.Build.0 = Debug|Any CPU
		{7B35F6AD-0AA9-48E0-9BA6-44C71B2998F2}.Release|Any CPU.ActiveCfg = Release|Any CPU
		{7B35F6AD-0AA9-48E0-9BA6-44C71B2998F2}.Release|Any CPU.Build.0 = Release|Any CPU
		{28B7AA96-9807-4BBE-A80B-7520F8574530}.Debug|Any CPU.ActiveCfg = Debug|Any CPU
		{28B7AA96-9807-4BBE-A80B-7520F8574530}.Debug|Any CPU.Build.0 = Debug|Any CPU
		{28B7AA96-9807-4BBE-A80B-7520F8574530}.Release|Any CPU.ActiveCfg = Release|Any CPU
		{28B7AA96-9807-4BBE-A80B-7520F8574530}.Release|Any CPU.Build.0 = Release|Any CPU
		{96D9C02A-D42B-4CEC-BE24-3B85FB533D4F}.Debug|Any CPU.ActiveCfg = Debug|Any CPU
		{96D9C02A-D42B-4CEC-BE24-3B85FB533D4F}.Debug|Any CPU.Build.0 = Debug|Any CPU
		{96D9C02A-D42B-4CEC-BE24-3B85FB533D4F}.Release|Any CPU.ActiveCfg = Release|Any CPU
		{96D9C02A-D42B-4CEC-BE24-3B85FB533D4F}.Release|Any CPU.Build.0 = Release|Any CPU
		{A86F46D0-EEB1-43DC-9BF5-2520F83E4C2F}.Debug|Any CPU.ActiveCfg = Debug|Any CPU
		{A86F46D0-EEB1-43DC-9BF5-2520F83E4C2F}.Debug|Any CPU.Build.0 = Debug|Any CPU
		{A86F46D0-EEB1-43DC-9BF5-2520F83E4C2F}.Release|Any CPU.ActiveCfg = Release|Any CPU
		{A86F46D0-EEB1-43DC-9BF5-2520F83E4C2F}.Release|Any CPU.Build.0 = Release|Any CPU
		{6B229018-BFB3-4327-B960-9D352B360BEB}.Debug|Any CPU.ActiveCfg = Debug|Any CPU
		{6B229018-BFB3-4327-B960-9D352B360BEB}.Debug|Any CPU.Build.0 = Debug|Any CPU
		{6B229018-BFB3-4327-B960-9D352B360BEB}.Release|Any CPU.ActiveCfg = Release|Any CPU
		{6B229018-BFB3-4327-B960-9D352B360BEB}.Release|Any CPU.Build.0 = Release|Any CPU
		{45B9C411-10B0-4B56-953E-8B9169058A42}.Debug|Any CPU.ActiveCfg = Debug|Any CPU
		{45B9C411-10B0-4B56-953E-8B9169058A42}.Debug|Any CPU.Build.0 = Debug|Any CPU
		{45B9C411-10B0-4B56-953E-8B9169058A42}.Release|Any CPU.ActiveCfg = Release|Any CPU
		{45B9C411-10B0-4B56-953E-8B9169058A42}.Release|Any CPU.Build.0 = Release|Any CPU
		{CDCE8AA2-366B-4C72-9315-BC5E531E59E2}.Debug|Any CPU.ActiveCfg = Debug|Any CPU
		{CDCE8AA2-366B-4C72-9315-BC5E531E59E2}.Debug|Any CPU.Build.0 = Debug|Any CPU
		{CDCE8AA2-366B-4C72-9315-BC5E531E59E2}.Release|Any CPU.ActiveCfg = Release|Any CPU
		{CDCE8AA2-366B-4C72-9315-BC5E531E59E2}.Release|Any CPU.Build.0 = Release|Any CPU
		{81B52FEE-F502-4406-B81C-F888EA7DE284}.Debug|Any CPU.ActiveCfg = Debug|Any CPU
		{81B52FEE-F502-4406-B81C-F888EA7DE284}.Debug|Any CPU.Build.0 = Debug|Any CPU
		{81B52FEE-F502-4406-B81C-F888EA7DE284}.Release|Any CPU.ActiveCfg = Release|Any CPU
		{81B52FEE-F502-4406-B81C-F888EA7DE284}.Release|Any CPU.Build.0 = Release|Any CPU
	EndGlobalSection
	GlobalSection(SolutionProperties) = preSolution
		HideSolutionNode = FALSE
	EndGlobalSection
	GlobalSection(NestedProjects) = preSolution
		{A5DF4B1E-E134-4E52-9ECC-409A29CEC17E} = {85A58B39-113C-4432-95EE-43E011DFBF02}
		{91964885-608E-4C04-90CB-213BC1E102FF} = {85A58B39-113C-4432-95EE-43E011DFBF02}
		{9B490A8F-6182-4440-9907-ED834602E506} = {85A58B39-113C-4432-95EE-43E011DFBF02}
		{7FCCE5D9-DFC7-48F4-BA70-49DC1214E21B} = {A5DF4B1E-E134-4E52-9ECC-409A29CEC17E}
		{0F90502D-C3B3-4896-9B5E-D10D192D66A1} = {A5DF4B1E-E134-4E52-9ECC-409A29CEC17E}
		{90F89490-E324-46BD-8032-6FBCC4EC0118} = {7FCCE5D9-DFC7-48F4-BA70-49DC1214E21B}
		{D90152E7-DB73-4688-BF09-20AF25A696CC} = {7FCCE5D9-DFC7-48F4-BA70-49DC1214E21B}
		{872CFA2E-DC34-403A-92B4-83F06329F8E9} = {0F90502D-C3B3-4896-9B5E-D10D192D66A1}
		{14D40BFA-8271-470E-A164-6CC8E5287910} = {0F90502D-C3B3-4896-9B5E-D10D192D66A1}
		{0CF07180-9975-4785-9A67-6CD8C3880FAA} = {91964885-608E-4C04-90CB-213BC1E102FF}
		{EDC32BCE-373A-4039-A256-D247B0D27F35} = {0CF07180-9975-4785-9A67-6CD8C3880FAA}
		{86DA26E9-B869-47CF-97A5-51DCEDD3ADE6} = {0CF07180-9975-4785-9A67-6CD8C3880FAA}
		{103358F7-3EA5-4106-9230-B7BABABDF211} = {EDC32BCE-373A-4039-A256-D247B0D27F35}
		{BD7BB86B-0351-4B2E-AB86-2596F03C4715} = {EDC32BCE-373A-4039-A256-D247B0D27F35}
		{D3486E48-6C39-4E6C-8AAC-E63A12AAB8A0} = {86DA26E9-B869-47CF-97A5-51DCEDD3ADE6}
		{48EB3699-760F-4D0C-BA9D-9235A1CB701A} = {86DA26E9-B869-47CF-97A5-51DCEDD3ADE6}
		{6B01F4CE-3072-4B5A-93D2-7C04D79EEE8B} = {9B490A8F-6182-4440-9907-ED834602E506}
		{BE581BCC-0674-4B7B-97A7-7D512CDA6CB8} = {6B01F4CE-3072-4B5A-93D2-7C04D79EEE8B}
		{E3663AFA-E48F-44E0-B9BA-4580F347CC25} = {BE581BCC-0674-4B7B-97A7-7D512CDA6CB8}
		{FD490D39-1A10-4488-8A6A-D11F467CF098} = {BE581BCC-0674-4B7B-97A7-7D512CDA6CB8}
		{F0B3DB97-E959-480F-B088-565A7F7E0E2D} = {6B01F4CE-3072-4B5A-93D2-7C04D79EEE8B}
		{971B52E0-394A-4E45-A97A-53DC6A9CAF5B} = {6C0B765F-3B4C-4932-B62B-50875EC422E4}
		{3554B6AB-C460-47AB-8461-A0C57D9935B9} = {971B52E0-394A-4E45-A97A-53DC6A9CAF5B}
		{31B789B9-0CAA-48D1-A0AF-8354E4627368} = {90F89490-E324-46BD-8032-6FBCC4EC0118}
		{D5296057-A141-4927-B72F-8CC6C4260214} = {D90152E7-DB73-4688-BF09-20AF25A696CC}
		{FDAC66B4-8F88-4D8B-8933-9176CDCC3AAD} = {872CFA2E-DC34-403A-92B4-83F06329F8E9}
		{9EFC4E2F-57B3-45F1-BD6D-1FCAEEDFA78B} = {14D40BFA-8271-470E-A164-6CC8E5287910}
		{7B35F6AD-0AA9-48E0-9BA6-44C71B2998F2} = {D3486E48-6C39-4E6C-8AAC-E63A12AAB8A0}
		{28B7AA96-9807-4BBE-A80B-7520F8574530} = {48EB3699-760F-4D0C-BA9D-9235A1CB701A}
		{96D9C02A-D42B-4CEC-BE24-3B85FB533D4F} = {103358F7-3EA5-4106-9230-B7BABABDF211}
		{A86F46D0-EEB1-43DC-9BF5-2520F83E4C2F} = {BD7BB86B-0351-4B2E-AB86-2596F03C4715}
		{6B229018-BFB3-4327-B960-9D352B360BEB} = {F0B3DB97-E959-480F-B088-565A7F7E0E2D}
		{45B9C411-10B0-4B56-953E-8B9169058A42} = {E3663AFA-E48F-44E0-B9BA-4580F347CC25}
		{CDCE8AA2-366B-4C72-9315-BC5E531E59E2} = {FD490D39-1A10-4488-8A6A-D11F467CF098}
		{6F6D8A09-9D4E-4DD8-A49C-C73A0B03A321} = {F0B3DB97-E959-480F-B088-565A7F7E0E2D}
		{81B52FEE-F502-4406-B81C-F888EA7DE284} = {6F6D8A09-9D4E-4DD8-A49C-C73A0B03A321}
	EndGlobalSection
	GlobalSection(ExtensibilityGlobals) = postSolution
		SolutionGuid = {2736D00F-E308-42B6-B88F-D0D913AA7926}
	EndGlobalSection
EndGlobal
